
Microsoft Visual Studio Solution File, Format Version 12.00
# Visual Studio Version 16
VisualStudioVersion = 16.0.30517.126
MinimumVisualStudioVersion = 10.0.40219.1
Project("{F184B08F-C81C-45F6-A57F-5ABD9991F28F}") = "PIZZA_HIT_201701012", "PIZZA_HIT_201701012.vbproj", "{F14E8F3C-6DD3-447C-92E7-44688717CFC6}"
EndProject
Global
	GlobalSection(SolutionConfigurationPlatforms) = preSolution
		Debug|Any CPU = Debug|Any CPU
		Release|Any CPU = Release|Any CPU
	EndGlobalSection
	GlobalSection(ProjectConfigurationPlatforms) = postSolution
		{F14E8F3C-6DD3-447C-92E7-44688717CFC6}.Debug|Any CPU.ActiveCfg = Debug|Any CPU
		{F14E8F3C-6DD3-447C-92E7-44688717CFC6}.Debug|Any CPU.Build.0 = Debug|Any CPU
		{F14E8F3C-6DD3-447C-92E7-44688717CFC6}.Release|Any CPU.ActiveCfg = Release|Any CPU
		{F14E8F3C-6DD3-447C-92E7-44688717CFC6}.Release|Any CPU.Build.0 = Release|Any CPU
	EndGlobalSection
	GlobalSection(SolutionProperties) = preSolution
		HideSolutionNode = FALSE
	EndGlobalSection
	GlobalSection(ExtensibilityGlobals) = postSolution
		SolutionGuid = {A7A1F08B-6231-4156-86B1-E250C69AB8CB}
	EndGlobalSection
EndGlobal
